
Microsoft Visual Studio Solution File, Format Version 12.00
# Visual Studio Version 16
VisualStudioVersion = 16.0.32002.261
MinimumVisualStudioVersion = 10.0.40219.1
Project("{8BC9CEB8-8B4A-11D0-8D11-00A0C91BC942}") = "vulkan_test", "vulkan_test\vulkan_test.vcxproj", "{EC684445-D494-4A41-8F81-E4924FF7CBFB}"
EndProject
Global
	GlobalSection(SolutionConfigurationPlatforms) = preSolution
		Debug|Win32 = Debug|Win32
		Debug|x64 = Debug|x64
		Debug|x86 = Debug|x86
		Release|Win32 = Release|Win32
		Release|x64 = Release|x64
		Release|x86 = Release|x86
	EndGlobalSection
	GlobalSection(ProjectConfigurationPlatforms) = postSolution
		{EC684445-D494-4A41-8F81-E4924FF7CBFB}.Debug|Win32.ActiveCfg = Debug|Win32
		{EC684445-D494-4A41-8F81-E4924FF7CBFB}.Debug|x64.ActiveCfg = Debug|x64
		{EC684445-D494-4A41-8F81-E4924FF7CBFB}.Debug|x64.Build.0 = Debug|x64
		{EC684445-D494-4A41-8F81-E4924FF7CBFB}.Debug|x86.ActiveCfg = Debug|Win32
		{EC684445-D494-4A41-8F81-E4924FF7CBFB}.Release|Win32.ActiveCfg = Release|Win32
		{EC684445-D494-4A41-8F81-E4924FF7CBFB}.Release|x64.ActiveCfg = Release|x64
		{EC684445-D494-4A41-8F81-E4924FF7CBFB}.Release|x64.Build.0 = Release|x64
		{EC684445-D494-4A41-8F81-E4924FF7CBFB}.Release|x86.ActiveCfg = Release|Win32
	EndGlobalSection
	GlobalSection(SolutionProperties) = preSolution
		HideSolutionNode = FALSE
	EndGlobalSection
	GlobalSection(ExtensibilityGlobals) = postSolution
		SolutionGuid = {120886A9-BAC8-4B29-B60F-F69780FCC157}
	EndGlobalSection
EndGlobal
