<?xml version="1.0" encoding="utf-8"?>
<Project ToolsVersion="4.0" xmlns="http://schemas.microsoft.com/developer/msbuild/2003">
  <ItemGroup>
    <ClCompile Include="main.cpp" />
    <ClCompile Include="vs_window.cpp" />
    <ClCompile Include="vs_window.h" />
    <ClCompile Include="vs_app.cpp" />
    <ClCompile Include="vs_device.cpp" />
    <ClCompile Include="vs_pipeline.cpp" />
    <ClCompile Include="vs_swap_chain.cpp" />
    <ClCompile Include="vs_model.cpp" />
  </ItemGroup>
  <ItemGroup>
    <ClInclude Include="vs_app.h" />
    <ClInclude Include="vs_device.h" />
    <ClInclude Include="vs_pipeline.h" />
    <ClInclude Include="vs_swap_chain.h" />
    <ClInclude Include="vs_model.h" />
    <ClInclude Include="vs_matrix.h" />
  </ItemGroup>
  <ItemGroup>
    <None Include="shaders\simple_shader.vert.spv" />
    <None Include="shaders\simple_shader.frag.spv" />
    <None Include="shaders\simple_shader.frag" />
    <None Include="shaders\simple_shader.vert" />
    <None Include="shaders\test.frag" />
    <None Include="shaders\test.vert" />
    <None Include="shader_compile.bat" />
  </ItemGroup>
  <ItemGroup>
    <CustomBuild Include="compile_shaders.ps1" />
  </ItemGroup>
</Project>