<?xml version="1.0" encoding="utf-8"?>
<Project ToolsVersion="4.0" xmlns="http://schemas.microsoft.com/developer/msbuild/2003">
  <ItemGroup>
    <ClCompile Include="main.cpp" />
    <ClCompile Include="vs_window.cpp" />
    <ClCompile Include="vs_window.h" />
    <ClCompile Include="vs_app.cpp" />
    <ClCompile Include="vs_device.cpp" />
    <ClCompile Include="vs_pipeline.cpp" />
    <ClCompile Include="vs_swap_chain.cpp" />
    <ClCompile Include="vs_model.cpp" />
    <ClCompile Include="vs_game_object.cpp" />
    <ClCompile Include="vs_renderer.cpp" />
    <ClCompile Include="vs_simple_render_system.cpp" />
    <ClCompile Include="vs_camera.cpp" />
    <ClCompile Include="vs_movement_component.cpp" />
    <ClCompile Include="vs_buffer.cpp" />
  </ItemGroup>
  <ItemGroup>
    <ClInclude Include="vs_app.h" />
    <ClInclude Include="vs_device.h" />
    <ClInclude Include="vs_pipeline.h" />
    <ClInclude Include="vs_swap_chain.h" />
    <ClInclude Include="vs_model.h" />
    <ClInclude Include="vs_matrix.h" />
    <ClInclude Include="vs_game_object.h" />
    <ClInclude Include="vs_renderer.h" />
    <ClInclude Include="vs_simple_render_system.h" />
    <ClInclude Include="vs_camera.h" />
    <ClInclude Include="vs_movement_component.h" />
    <ClInclude Include="vs_utils.h" />
    <ClInclude Include="vs_buffer.h" />
    <ClInclude Include="vs_frame_info.h" />
  </ItemGroup>
  <ItemGroup>
    <None Include="shaders\simple_shader.vert.spv" />
    <None Include="shaders\simple_shader.frag.spv" />
    <None Include="shaders\simple_shader.frag" />
    <None Include="shaders\simple_shader.vert" />
    <None Include="shader_compile.bat" />
  </ItemGroup>
  <ItemGroup>
    <CustomBuild Include="compile_shaders.ps1" />
  </ItemGroup>
  <ItemGroup>
    <Image Include="models\colored_cube.obj" />
    <Image Include="models\cube.mtl" />
    <Image Include="models\cube.obj" />
    <Image Include="models\flat_vase.obj" />
    <Image Include="models\smooth_vase.obj" />
  </ItemGroup>
</Project>